
Microsoft Visual Studio Solution File, Format Version 12.00
# Visual Studio Version 17
VisualStudioVersion = 17.10.35013.160
MinimumVisualStudioVersion = 10.0.40219.1
Project("{FAE04EC0-301F-11D3-BF4B-00C04F79EFBC}") = "Quanlynhanvien", "Quanlynhanvien.csproj", "{D634EF69-A4D2-4E3E-9F99-03F019084B9B}"
EndProject
Global
	GlobalSection(SolutionConfigurationPlatforms) = preSolution
		Debug|Any CPU = Debug|Any CPU
		Release|Any CPU = Release|Any CPU
	EndGlobalSection
	GlobalSection(ProjectConfigurationPlatforms) = postSolution
		{D634EF69-A4D2-4E3E-9F99-03F019084B9B}.Debug|Any CPU.ActiveCfg = Debug|Any CPU
		{D634EF69-A4D2-4E3E-9F99-03F019084B9B}.Debug|Any CPU.Build.0 = Debug|Any CPU
		{D634EF69-A4D2-4E3E-9F99-03F019084B9B}.Release|Any CPU.ActiveCfg = Release|Any CPU
		{D634EF69-A4D2-4E3E-9F99-03F019084B9B}.Release|Any CPU.Build.0 = Release|Any CPU
	EndGlobalSection
	GlobalSection(SolutionProperties) = preSolution
		HideSolutionNode = FALSE
	EndGlobalSection
	GlobalSection(ExtensibilityGlobals) = postSolution
		SolutionGuid = {60510758-4BD5-4A6F-A8CD-7DD27DEDC987}
	EndGlobalSection
EndGlobal
